
Microsoft Visual Studio Solution File, Format Version 12.00
# Visual Studio Version 17
VisualStudioVersion = 17.5.33424.131
MinimumVisualStudioVersion = 10.0.40219.1
Project("{FAE04EC0-301F-11D3-BF4B-00C04F79EFBC}") = "DemoWebAPI", "DemoWebAPI\DemoWebAPI.csproj", "{32C00616-9257-46C5-AB85-650025A5CE0C}"
EndProject
Global
	GlobalSection(SolutionConfigurationPlatforms) = preSolution
		Debug|Any CPU = Debug|Any CPU
		Release|Any CPU = Release|Any CPU
	EndGlobalSection
	GlobalSection(ProjectConfigurationPlatforms) = postSolution
		{32C00616-9257-46C5-AB85-650025A5CE0C}.Debug|Any CPU.ActiveCfg = Debug|Any CPU
		{32C00616-9257-46C5-AB85-650025A5CE0C}.Debug|Any CPU.Build.0 = Debug|Any CPU
		{32C00616-9257-46C5-AB85-650025A5CE0C}.Release|Any CPU.ActiveCfg = Release|Any CPU
		{32C00616-9257-46C5-AB85-650025A5CE0C}.Release|Any CPU.Build.0 = Release|Any CPU
	EndGlobalSection
	GlobalSection(SolutionProperties) = preSolution
		HideSolutionNode = FALSE
	EndGlobalSection
	GlobalSection(ExtensibilityGlobals) = postSolution
		SolutionGuid = {056791B9-C0D5-4304-84E9-0AB4E8D984E4}
	EndGlobalSection
EndGlobal
